{
  "name": "webscraper",
  "version": "1.0.0",
  "lockfileVersion": 2,
  "requires": true,
  "packages": {
    "": {
      "name": "webscraper",
      "version": "1.0.0",
      "license": "ISC",
      "dependencies": {
        "cheerio": "^1.0.0-rc.5"
      },
      "devDependencies": {
        "rollup": "^2.42.4",
        "rollup-plugin-cleanup": "^3.2.1"
      },
      "engines": {
        "node": ">= 8.0.0"
      }
    },
    "node_modules/boolbase": {
      "version": "1.0.0",
      "resolved": "https://registry.npmjs.org/boolbase/-/boolbase-1.0.0.tgz",
      "integrity": "sha1-aN/1++YMUes3cl6p4+0xDcwed24="
    },
    "node_modules/cheerio": {
      "version": "1.0.0-rc.9",
      "resolved": "https://registry.npmjs.org/cheerio/-/cheerio-1.0.0-rc.9.tgz",
      "integrity": "sha512-QF6XVdrLONO6DXRF5iaolY+odmhj2CLj+xzNod7INPWMi/x9X4SOylH0S/vaPpX+AUU6t04s34SQNh7DbkuCng==",
      "dependencies": {
        "cheerio-select": "^1.4.0",
        "dom-serializer": "^1.3.1",
        "domhandler": "^4.2.0",
        "htmlparser2": "^6.1.0",
        "parse5": "^6.0.1",
        "parse5-htmlparser2-tree-adapter": "^6.0.1",
        "tslib": "^2.2.0"
      },
      "engines": {
        "node": ">= 6"
      },
      "funding": {
        "url": "https://github.com/cheeriojs/cheerio?sponsor=1"
      }
    },
    "node_modules/cheerio-select": {
      "version": "1.4.0",
      "resolved": "https://registry.npmjs.org/cheerio-select/-/cheerio-select-1.4.0.tgz",
      "integrity": "sha512-sobR3Yqz27L553Qa7cK6rtJlMDbiKPdNywtR95Sj/YgfpLfy0u6CGJuaBKe5YE/vTc23SCRKxWSdlon/w6I/Ew==",
      "dependencies": {
        "css-select": "^4.1.2",
        "css-what": "^5.0.0",
        "domelementtype": "^2.2.0",
        "domhandler": "^4.2.0",
        "domutils": "^2.6.0"
      },
      "funding": {
        "url": "https://github.com/sponsors/fb55"
      }
    },
    "node_modules/css-select": {
      "version": "4.1.2",
      "resolved": "https://registry.npmjs.org/css-select/-/css-select-4.1.2.tgz",
      "integrity": "sha512-nu5ye2Hg/4ISq4XqdLY2bEatAcLIdt3OYGFc9Tm9n7VSlFBcfRv0gBNksHRgSdUDQGtN3XrZ94ztW+NfzkFSUw==",
      "dependencies": {
        "boolbase": "^1.0.0",
        "css-what": "^5.0.0",
        "domhandler": "^4.2.0",
        "domutils": "^2.6.0",
        "nth-check": "^2.0.0"
      },
      "funding": {
        "url": "https://github.com/sponsors/fb55"
      }
    },
    "node_modules/css-what": {
      "version": "5.0.0",
      "resolved": "https://registry.npmjs.org/css-what/-/css-what-5.0.0.tgz",
      "integrity": "sha512-qxyKHQvgKwzwDWC/rGbT821eJalfupxYW2qbSJSAtdSTimsr/MlaGONoNLllaUPZWf8QnbcKM/kPVYUQuEKAFA==",
      "engines": {
        "node": ">= 6"
      },
      "funding": {
        "url": "https://github.com/sponsors/fb55"
      }
    },
    "node_modules/dom-serializer": {
      "version": "1.3.1",
      "resolved": "https://registry.npmjs.org/dom-serializer/-/dom-serializer-1.3.1.tgz",
      "integrity": "sha512-Pv2ZluG5ife96udGgEDovOOOA5UELkltfJpnIExPrAk1LTvecolUGn6lIaoLh86d83GiB86CjzciMd9BuRB71Q==",
      "dependencies": {
        "domelementtype": "^2.0.1",
        "domhandler": "^4.0.0",
        "entities": "^2.0.0"
      },
      "funding": {
        "url": "https://github.com/cheeriojs/dom-serializer?sponsor=1"
      }
    },
    "node_modules/domelementtype": {
      "version": "2.2.0",
      "resolved": "https://registry.npmjs.org/domelementtype/-/domelementtype-2.2.0.tgz",
      "integrity": "sha512-DtBMo82pv1dFtUmHyr48beiuq792Sxohr+8Hm9zoxklYPfa6n0Z3Byjj2IV7bmr2IyqClnqEQhfgHJJ5QF0R5A==",
      "funding": [
        {
          "type": "github",
          "url": "https://github.com/sponsors/fb55"
        }
      ]
    },
    "node_modules/domhandler": {
      "version": "4.2.0",
      "resolved": "https://registry.npmjs.org/domhandler/-/domhandler-4.2.0.tgz",
      "integrity": "sha512-zk7sgt970kzPks2Bf+dwT/PLzghLnsivb9CcxkvR8Mzr66Olr0Ofd8neSbglHJHaHa2MadfoSdNlKYAaafmWfA==",
      "dependencies": {
        "domelementtype": "^2.2.0"
      },
      "engines": {
        "node": ">= 4"
      },
      "funding": {
        "url": "https://github.com/fb55/domhandler?sponsor=1"
      }
    },
    "node_modules/domutils": {
      "version": "2.6.0",
      "resolved": "https://registry.npmjs.org/domutils/-/domutils-2.6.0.tgz",
      "integrity": "sha512-y0BezHuy4MDYxh6OvolXYsH+1EMGmFbwv5FKW7ovwMG6zTPWqNPq3WF9ayZssFq+UlKdffGLbOEaghNdaOm1WA==",
      "dependencies": {
        "dom-serializer": "^1.0.1",
        "domelementtype": "^2.2.0",
        "domhandler": "^4.2.0"
      },
      "funding": {
        "url": "https://github.com/fb55/domutils?sponsor=1"
      }
    },
    "node_modules/entities": {
      "version": "2.2.0",
      "resolved": "https://registry.npmjs.org/entities/-/entities-2.2.0.tgz",
      "integrity": "sha512-p92if5Nz619I0w+akJrLZH0MX0Pb5DX39XOwQTtXSdQQOaYH03S1uIQp4mhOZtAXrxq4ViO67YTiLBo2638o9A==",
      "funding": {
        "url": "https://github.com/fb55/entities?sponsor=1"
      }
    },
    "node_modules/estree-walker": {
      "version": "0.6.1",
      "resolved": "https://registry.npmjs.org/estree-walker/-/estree-walker-0.6.1.tgz",
      "integrity": "sha512-SqmZANLWS0mnatqbSfRP5g8OXZC12Fgg1IwNtLsyHDzJizORW4khDfjPqJZsemPWBB2uqykUah5YpQ6epsqC/w==",
      "dev": true
    },
    "node_modules/fsevents": {
      "version": "2.3.2",
      "resolved": "https://registry.npmjs.org/fsevents/-/fsevents-2.3.2.tgz",
      "integrity": "sha512-xiqMQR4xAeHTuB9uWm+fFRcIOgKBMiOBP+eXiyT7jsgVCq1bkVygt00oASowB7EdtpOHaaPgKt812P9ab+DDKA==",
      "dev": true,
      "hasInstallScript": true,
      "optional": true,
      "os": [
        "darwin"
      ],
      "engines": {
        "node": "^8.16.0 || ^10.6.0 || >=11.0.0"
      }
    },
    "node_modules/htmlparser2": {
      "version": "6.1.0",
      "resolved": "https://registry.npmjs.org/htmlparser2/-/htmlparser2-6.1.0.tgz",
      "integrity": "sha512-gyyPk6rgonLFEDGoeRgQNaEUvdJ4ktTmmUh/h2t7s+M8oPpIPxgNACWa+6ESR57kXstwqPiCut0V8NRpcwgU7A==",
      "funding": [
        "https://github.com/fb55/htmlparser2?sponsor=1",
        {
          "type": "github",
          "url": "https://github.com/sponsors/fb55"
        }
      ],
      "dependencies": {
        "domelementtype": "^2.0.1",
        "domhandler": "^4.0.0",
        "domutils": "^2.5.2",
        "entities": "^2.0.0"
      }
    },
    "node_modules/js-cleanup": {
      "version": "1.2.0",
      "resolved": "https://registry.npmjs.org/js-cleanup/-/js-cleanup-1.2.0.tgz",
      "integrity": "sha512-JeDD0yiiSt80fXzAVa/crrS0JDPQljyBG/RpOtaSbyDq03VHa9szJWMaWOYU/bcTn412uMN2MxApXq8v79cUiQ==",
      "dev": true,
      "dependencies": {
        "magic-string": "^0.25.7",
        "perf-regexes": "^1.0.1",
        "skip-regex": "^1.0.2"
      },
      "engines": {
        "node": "^10.14.2 || >=12.0.0"
      }
    },
    "node_modules/magic-string": {
      "version": "0.25.7",
      "resolved": "https://registry.npmjs.org/magic-string/-/magic-string-0.25.7.tgz",
      "integrity": "sha512-4CrMT5DOHTDk4HYDlzmwu4FVCcIYI8gauveasrdCu2IKIFOJ3f0v/8MDGJCDL9oD2ppz/Av1b0Nj345H9M+XIA==",
      "dev": true,
      "dependencies": {
        "sourcemap-codec": "^1.4.4"
      }
    },
    "node_modules/nth-check": {
      "version": "2.0.0",
      "resolved": "https://registry.npmjs.org/nth-check/-/nth-check-2.0.0.tgz",
      "integrity": "sha512-i4sc/Kj8htBrAiH1viZ0TgU8Y5XqCaV/FziYK6TBczxmeKm3AEFWqqF3195yKudrarqy7Zu80Ra5dobFjn9X/Q==",
      "dependencies": {
        "boolbase": "^1.0.0"
      },
      "funding": {
        "url": "https://github.com/fb55/nth-check?sponsor=1"
      }
    },
    "node_modules/parse5": {
      "version": "6.0.1",
      "resolved": "https://registry.npmjs.org/parse5/-/parse5-6.0.1.tgz",
      "integrity": "sha512-Ofn/CTFzRGTTxwpNEs9PP93gXShHcTq255nzRYSKe8AkVpZY7e1fpmTfOyoIvjP5HG7Z2ZM7VS9PPhQGW2pOpw=="
    },
    "node_modules/parse5-htmlparser2-tree-adapter": {
      "version": "6.0.1",
      "resolved": "https://registry.npmjs.org/parse5-htmlparser2-tree-adapter/-/parse5-htmlparser2-tree-adapter-6.0.1.tgz",
      "integrity": "sha512-qPuWvbLgvDGilKc5BoicRovlT4MtYT6JfJyBOMDsKoiT+GiuP5qyrPCnR9HcPECIJJmZh5jRndyNThnhhb/vlA==",
      "dependencies": {
        "parse5": "^6.0.1"
      }
    },
    "node_modules/perf-regexes": {
      "version": "1.0.1",
      "resolved": "https://registry.npmjs.org/perf-regexes/-/perf-regexes-1.0.1.tgz",
      "integrity": "sha512-L7MXxUDtqr4PUaLFCDCXBfGV/6KLIuSEccizDI7JxT+c9x1G1v04BQ4+4oag84SHaCdrBgQAIs/Cqn+flwFPng==",
      "dev": true,
      "engines": {
        "node": ">=6.14"
      }
    },
    "node_modules/rollup": {
      "version": "2.47.0",
      "resolved": "https://registry.npmjs.org/rollup/-/rollup-2.47.0.tgz",
      "integrity": "sha512-rqBjgq9hQfW0vRmz+0S062ORRNJXvwRpzxhFXORvar/maZqY6za3rgQ/p1Glg+j1hnc1GtYyQCPiAei95uTElg==",
      "dev": true,
      "bin": {
        "rollup": "dist/bin/rollup"
      },
      "engines": {
        "node": ">=10.0.0"
      },
      "optionalDependencies": {
        "fsevents": "~2.3.1"
      }
    },
    "node_modules/rollup-plugin-cleanup": {
      "version": "3.2.1",
      "resolved": "https://registry.npmjs.org/rollup-plugin-cleanup/-/rollup-plugin-cleanup-3.2.1.tgz",
      "integrity": "sha512-zuv8EhoO3TpnrU8MX8W7YxSbO4gmOR0ny06Lm3nkFfq0IVKdBUtHwhVzY1OAJyNCIAdLiyPnOrU0KnO0Fri1GQ==",
      "dev": true,
      "dependencies": {
        "js-cleanup": "^1.2.0",
        "rollup-pluginutils": "^2.8.2"
      },
      "engines": {
        "node": "^10.14.2 || >=12.0.0"
      },
      "peerDependencies": {
        "rollup": ">=2.0"
      }
    },
    "node_modules/rollup-pluginutils": {
      "version": "2.8.2",
      "resolved": "https://registry.npmjs.org/rollup-pluginutils/-/rollup-pluginutils-2.8.2.tgz",
      "integrity": "sha512-EEp9NhnUkwY8aif6bxgovPHMoMoNr2FulJziTndpt5H9RdwC47GSGuII9XxpSdzVGM0GWrNPHV6ie1LTNJPaLQ==",
      "dev": true,
      "dependencies": {
        "estree-walker": "^0.6.1"
      }
    },
    "node_modules/skip-regex": {
      "version": "1.0.2",
      "resolved": "https://registry.npmjs.org/skip-regex/-/skip-regex-1.0.2.tgz",
      "integrity": "sha512-pEjMUbwJ5Pl/6Vn6FsamXHXItJXSRftcibixDmNCWbWhic0hzHrwkMZo0IZ7fMRH9KxcWDFSkzhccB4285PutA==",
      "dev": true,
      "engines": {
        "node": ">=4.2"
      }
    },
    "node_modules/sourcemap-codec": {
      "version": "1.4.8",
      "resolved": "https://registry.npmjs.org/sourcemap-codec/-/sourcemap-codec-1.4.8.tgz",
      "integrity": "sha512-9NykojV5Uih4lgo5So5dtw+f0JgJX30KCNI8gwhz2J9A15wD0Ml6tjHKwf6fTSa6fAdVBdZeNOs9eJ71qCk8vA==",
      "dev": true
    },
    "node_modules/tslib": {
      "version": "2.2.0",
      "resolved": "https://registry.npmjs.org/tslib/-/tslib-2.2.0.tgz",
      "integrity": "sha512-gS9GVHRU+RGn5KQM2rllAlR3dU6m7AcpJKdtH8gFvQiC4Otgk98XnmMU+nZenHt/+VhnBPWwgrJsyrdcw6i23w=="
    }
  },
  "dependencies": {
    "boolbase": {
      "version": "1.0.0",
      "resolved": "https://registry.npmjs.org/boolbase/-/boolbase-1.0.0.tgz",
      "integrity": "sha1-aN/1++YMUes3cl6p4+0xDcwed24="
    },
    "cheerio": {
      "version": "1.0.0-rc.9",
      "resolved": "https://registry.npmjs.org/cheerio/-/cheerio-1.0.0-rc.9.tgz",
      "integrity": "sha512-QF6XVdrLONO6DXRF5iaolY+odmhj2CLj+xzNod7INPWMi/x9X4SOylH0S/vaPpX+AUU6t04s34SQNh7DbkuCng==",
      "requires": {
        "cheerio-select": "^1.4.0",
        "dom-serializer": "^1.3.1",
        "domhandler": "^4.2.0",
        "htmlparser2": "^6.1.0",
        "parse5": "^6.0.1",
        "parse5-htmlparser2-tree-adapter": "^6.0.1",
        "tslib": "^2.2.0"
      }
    },
    "cheerio-select": {
      "version": "1.4.0",
      "resolved": "https://registry.npmjs.org/cheerio-select/-/cheerio-select-1.4.0.tgz",
      "integrity": "sha512-sobR3Yqz27L553Qa7cK6rtJlMDbiKPdNywtR95Sj/YgfpLfy0u6CGJuaBKe5YE/vTc23SCRKxWSdlon/w6I/Ew==",
      "requires": {
        "css-select": "^4.1.2",
        "css-what": "^5.0.0",
        "domelementtype": "^2.2.0",
        "domhandler": "^4.2.0",
        "domutils": "^2.6.0"
      }
    },
    "css-select": {
      "version": "4.1.2",
      "resolved": "https://registry.npmjs.org/css-select/-/css-select-4.1.2.tgz",
      "integrity": "sha512-nu5ye2Hg/4ISq4XqdLY2bEatAcLIdt3OYGFc9Tm9n7VSlFBcfRv0gBNksHRgSdUDQGtN3XrZ94ztW+NfzkFSUw==",
      "requires": {
        "boolbase": "^1.0.0",
        "css-what": "^5.0.0",
        "domhandler": "^4.2.0",
        "domutils": "^2.6.0",
        "nth-check": "^2.0.0"
      }
    },
    "css-what": {
      "version": "5.0.0",
      "resolved": "https://registry.npmjs.org/css-what/-/css-what-5.0.0.tgz",
      "integrity": "sha512-qxyKHQvgKwzwDWC/rGbT821eJalfupxYW2qbSJSAtdSTimsr/MlaGONoNLllaUPZWf8QnbcKM/kPVYUQuEKAFA=="
    },
    "dom-serializer": {
      "version": "1.3.1",
      "resolved": "https://registry.npmjs.org/dom-serializer/-/dom-serializer-1.3.1.tgz",
      "integrity": "sha512-Pv2ZluG5ife96udGgEDovOOOA5UELkltfJpnIExPrAk1LTvecolUGn6lIaoLh86d83GiB86CjzciMd9BuRB71Q==",
      "requires": {
        "domelementtype": "^2.0.1",
        "domhandler": "^4.0.0",
        "entities": "^2.0.0"
      }
    },
    "domelementtype": {
      "version": "2.2.0",
      "resolved": "https://registry.npmjs.org/domelementtype/-/domelementtype-2.2.0.tgz",
      "integrity": "sha512-DtBMo82pv1dFtUmHyr48beiuq792Sxohr+8Hm9zoxklYPfa6n0Z3Byjj2IV7bmr2IyqClnqEQhfgHJJ5QF0R5A=="
    },
    "domhandler": {
      "version": "4.2.0",
      "resolved": "https://registry.npmjs.org/domhandler/-/domhandler-4.2.0.tgz",
      "integrity": "sha512-zk7sgt970kzPks2Bf+dwT/PLzghLnsivb9CcxkvR8Mzr66Olr0Ofd8neSbglHJHaHa2MadfoSdNlKYAaafmWfA==",
      "requires": {
        "domelementtype": "^2.2.0"
      }
    },
    "domutils": {
      "version": "2.6.0",
      "resolved": "https://registry.npmjs.org/domutils/-/domutils-2.6.0.tgz",
      "integrity": "sha512-y0BezHuy4MDYxh6OvolXYsH+1EMGmFbwv5FKW7ovwMG6zTPWqNPq3WF9ayZssFq+UlKdffGLbOEaghNdaOm1WA==",
      "requires": {
        "dom-serializer": "^1.0.1",
        "domelementtype": "^2.2.0",
        "domhandler": "^4.2.0"
      }
    },
    "entities": {
      "version": "2.2.0",
      "resolved": "https://registry.npmjs.org/entities/-/entities-2.2.0.tgz",
      "integrity": "sha512-p92if5Nz619I0w+akJrLZH0MX0Pb5DX39XOwQTtXSdQQOaYH03S1uIQp4mhOZtAXrxq4ViO67YTiLBo2638o9A=="
    },
    "estree-walker": {
      "version": "0.6.1",
      "resolved": "https://registry.npmjs.org/estree-walker/-/estree-walker-0.6.1.tgz",
      "integrity": "sha512-SqmZANLWS0mnatqbSfRP5g8OXZC12Fgg1IwNtLsyHDzJizORW4khDfjPqJZsemPWBB2uqykUah5YpQ6epsqC/w==",
      "dev": true
    },
    "fsevents": {
      "version": "2.3.2",
      "resolved": "https://registry.npmjs.org/fsevents/-/fsevents-2.3.2.tgz",
      "integrity": "sha512-xiqMQR4xAeHTuB9uWm+fFRcIOgKBMiOBP+eXiyT7jsgVCq1bkVygt00oASowB7EdtpOHaaPgKt812P9ab+DDKA==",
      "dev": true,
      "optional": true
    },
    "htmlparser2": {
      "version": "6.1.0",
      "resolved": "https://registry.npmjs.org/htmlparser2/-/htmlparser2-6.1.0.tgz",
      "integrity": "sha512-gyyPk6rgonLFEDGoeRgQNaEUvdJ4ktTmmUh/h2t7s+M8oPpIPxgNACWa+6ESR57kXstwqPiCut0V8NRpcwgU7A==",
      "requires": {
        "domelementtype": "^2.0.1",
        "domhandler": "^4.0.0",
        "domutils": "^2.5.2",
        "entities": "^2.0.0"
      }
    },
    "js-cleanup": {
      "version": "1.2.0",
      "resolved": "https://registry.npmjs.org/js-cleanup/-/js-cleanup-1.2.0.tgz",
      "integrity": "sha512-JeDD0yiiSt80fXzAVa/crrS0JDPQljyBG/RpOtaSbyDq03VHa9szJWMaWOYU/bcTn412uMN2MxApXq8v79cUiQ==",
      "dev": true,
      "requires": {
        "magic-string": "^0.25.7",
        "perf-regexes": "^1.0.1",
        "skip-regex": "^1.0.2"
      }
    },
    "magic-string": {
      "version": "0.25.7",
      "resolved": "https://registry.npmjs.org/magic-string/-/magic-string-0.25.7.tgz",
      "integrity": "sha512-4CrMT5DOHTDk4HYDlzmwu4FVCcIYI8gauveasrdCu2IKIFOJ3f0v/8MDGJCDL9oD2ppz/Av1b0Nj345H9M+XIA==",
      "dev": true,
      "requires": {
        "sourcemap-codec": "^1.4.4"
      }
    },
    "nth-check": {
      "version": "2.0.0",
      "resolved": "https://registry.npmjs.org/nth-check/-/nth-check-2.0.0.tgz",
      "integrity": "sha512-i4sc/Kj8htBrAiH1viZ0TgU8Y5XqCaV/FziYK6TBczxmeKm3AEFWqqF3195yKudrarqy7Zu80Ra5dobFjn9X/Q==",
      "requires": {
        "boolbase": "^1.0.0"
      }
    },
    "parse5": {
      "version": "6.0.1",
      "resolved": "https://registry.npmjs.org/parse5/-/parse5-6.0.1.tgz",
      "integrity": "sha512-Ofn/CTFzRGTTxwpNEs9PP93gXShHcTq255nzRYSKe8AkVpZY7e1fpmTfOyoIvjP5HG7Z2ZM7VS9PPhQGW2pOpw=="
    },
    "parse5-htmlparser2-tree-adapter": {
      "version": "6.0.1",
      "resolved": "https://registry.npmjs.org/parse5-htmlparser2-tree-adapter/-/parse5-htmlparser2-tree-adapter-6.0.1.tgz",
      "integrity": "sha512-qPuWvbLgvDGilKc5BoicRovlT4MtYT6JfJyBOMDsKoiT+GiuP5qyrPCnR9HcPECIJJmZh5jRndyNThnhhb/vlA==",
      "requires": {
        "parse5": "^6.0.1"
      }
    },
    "perf-regexes": {
      "version": "1.0.1",
      "resolved": "https://registry.npmjs.org/perf-regexes/-/perf-regexes-1.0.1.tgz",
      "integrity": "sha512-L7MXxUDtqr4PUaLFCDCXBfGV/6KLIuSEccizDI7JxT+c9x1G1v04BQ4+4oag84SHaCdrBgQAIs/Cqn+flwFPng==",
      "dev": true
    },
    "rollup": {
      "version": "2.47.0",
      "resolved": "https://registry.npmjs.org/rollup/-/rollup-2.47.0.tgz",
      "integrity": "sha512-rqBjgq9hQfW0vRmz+0S062ORRNJXvwRpzxhFXORvar/maZqY6za3rgQ/p1Glg+j1hnc1GtYyQCPiAei95uTElg==",
      "dev": true,
      "requires": {
        "fsevents": "~2.3.1"
      }
    },
    "rollup-plugin-cleanup": {
      "version": "3.2.1",
      "resolved": "https://registry.npmjs.org/rollup-plugin-cleanup/-/rollup-plugin-cleanup-3.2.1.tgz",
      "integrity": "sha512-zuv8EhoO3TpnrU8MX8W7YxSbO4gmOR0ny06Lm3nkFfq0IVKdBUtHwhVzY1OAJyNCIAdLiyPnOrU0KnO0Fri1GQ==",
      "dev": true,
      "requires": {
        "js-cleanup": "^1.2.0",
        "rollup-pluginutils": "^2.8.2"
      }
    },
    "rollup-pluginutils": {
      "version": "2.8.2",
      "resolved": "https://registry.npmjs.org/rollup-pluginutils/-/rollup-pluginutils-2.8.2.tgz",
      "integrity": "sha512-EEp9NhnUkwY8aif6bxgovPHMoMoNr2FulJziTndpt5H9RdwC47GSGuII9XxpSdzVGM0GWrNPHV6ie1LTNJPaLQ==",
      "dev": true,
      "requires": {
        "estree-walker": "^0.6.1"
      }
    },
    "skip-regex": {
      "version": "1.0.2",
      "resolved": "https://registry.npmjs.org/skip-regex/-/skip-regex-1.0.2.tgz",
      "integrity": "sha512-pEjMUbwJ5Pl/6Vn6FsamXHXItJXSRftcibixDmNCWbWhic0hzHrwkMZo0IZ7fMRH9KxcWDFSkzhccB4285PutA==",
      "dev": true
    },
    "sourcemap-codec": {
      "version": "1.4.8",
      "resolved": "https://registry.npmjs.org/sourcemap-codec/-/sourcemap-codec-1.4.8.tgz",
      "integrity": "sha512-9NykojV5Uih4lgo5So5dtw+f0JgJX30KCNI8gwhz2J9A15wD0Ml6tjHKwf6fTSa6fAdVBdZeNOs9eJ71qCk8vA==",
      "dev": true
    },
    "tslib": {
      "version": "2.2.0",
      "resolved": "https://registry.npmjs.org/tslib/-/tslib-2.2.0.tgz",
      "integrity": "sha512-gS9GVHRU+RGn5KQM2rllAlR3dU6m7AcpJKdtH8gFvQiC4Otgk98XnmMU+nZenHt/+VhnBPWwgrJsyrdcw6i23w=="
    }
  }
}
